
Microsoft Visual Studio Solution File, Format Version 12.00
# Visual Studio Version 17
VisualStudioVersion = 17.10.35013.160
MinimumVisualStudioVersion = 10.0.40219.1
Project("{9A19103F-16F7-4668-BE54-9A1E7A4F7556}") = "CleanArchitecture.Api", "CleanArchitecture.ApiTemplate\CleanArchitecture.Api.csproj", "{89DA1E3C-1729-4794-ABAA-1313FEAB807D}"
EndProject
Project("{9A19103F-16F7-4668-BE54-9A1E7A4F7556}") = "CleanArchitecture.DataAccess", "CleanArchitecture.DataAccess\CleanArchitecture.DataAccess.csproj", "{D807D19D-52B6-4561-9B3A-FB42925E4AF4}"
EndProject
Project("{9A19103F-16F7-4668-BE54-9A1E7A4F7556}") = "CleanArchitecture.Services", "CleanArchitecture.Services\CleanArchitecture.Services.csproj", "{D7731E06-CDE0-4171-BAE0-A99D0EEBE3A3}"
EndProject
Project("{FAE04EC0-301F-11D3-BF4B-00C04F79EFBC}") = "CleanArchitecture.Utilities", "CleanArchitecture.Utilities\CleanArchitecture.Utilities.csproj", "{F689A097-CCA6-4066-BE58-D1CAA39374F7}"
EndProject
Global
	GlobalSection(SolutionConfigurationPlatforms) = preSolution
		Debug|Any CPU = Debug|Any CPU
		Release|Any CPU = Release|Any CPU
	EndGlobalSection
	GlobalSection(ProjectConfigurationPlatforms) = postSolution
		{89DA1E3C-1729-4794-ABAA-1313FEAB807D}.Debug|Any CPU.ActiveCfg = Debug|Any CPU
		{89DA1E3C-1729-4794-ABAA-1313FEAB807D}.Debug|Any CPU.Build.0 = Debug|Any CPU
		{89DA1E3C-1729-4794-ABAA-1313FEAB807D}.Release|Any CPU.ActiveCfg = Release|Any CPU
		{89DA1E3C-1729-4794-ABAA-1313FEAB807D}.Release|Any CPU.Build.0 = Release|Any CPU
		{D807D19D-52B6-4561-9B3A-FB42925E4AF4}.Debug|Any CPU.ActiveCfg = Debug|Any CPU
		{D807D19D-52B6-4561-9B3A-FB42925E4AF4}.Debug|Any CPU.Build.0 = Debug|Any CPU
		{D807D19D-52B6-4561-9B3A-FB42925E4AF4}.Release|Any CPU.ActiveCfg = Release|Any CPU
		{D807D19D-52B6-4561-9B3A-FB42925E4AF4}.Release|Any CPU.Build.0 = Release|Any CPU
		{D7731E06-CDE0-4171-BAE0-A99D0EEBE3A3}.Debug|Any CPU.ActiveCfg = Debug|Any CPU
		{D7731E06-CDE0-4171-BAE0-A99D0EEBE3A3}.Debug|Any CPU.Build.0 = Debug|Any CPU
		{D7731E06-CDE0-4171-BAE0-A99D0EEBE3A3}.Release|Any CPU.ActiveCfg = Release|Any CPU
		{D7731E06-CDE0-4171-BAE0-A99D0EEBE3A3}.Release|Any CPU.Build.0 = Release|Any CPU
		{F689A097-CCA6-4066-BE58-D1CAA39374F7}.Debug|Any CPU.ActiveCfg = Debug|Any CPU
		{F689A097-CCA6-4066-BE58-D1CAA39374F7}.Debug|Any CPU.Build.0 = Debug|Any CPU
		{F689A097-CCA6-4066-BE58-D1CAA39374F7}.Release|Any CPU.ActiveCfg = Release|Any CPU
		{F689A097-CCA6-4066-BE58-D1CAA39374F7}.Release|Any CPU.Build.0 = Release|Any CPU
	EndGlobalSection
	GlobalSection(SolutionProperties) = preSolution
		HideSolutionNode = FALSE
	EndGlobalSection
	GlobalSection(ExtensibilityGlobals) = postSolution
		SolutionGuid = {658CF291-99A2-44A0-AEB5-89F73F3BBF57}
	EndGlobalSection
EndGlobal
